// !$*UTF8*$!
{
	archiveVersion = 1;
	classes = {
	};
	objectVersion = 56;
	objects = {

/* Begin PBXBuildFile section */
		812EB5202A7B488F00D461D4 /* Assets.xcassets in Resources */ = {isa = PBXBuildFile; fileRef = 812EB51F2A7B488F00D461D4 /* Assets.xcassets */; };
		812EB5222A7BCE4200D461D4 /* SceneManagerView.swift in Sources */ = {isa = PBXBuildFile; fileRef = 812EB5212A7BCE4200D461D4 /* SceneManagerView.swift */; };
		812EB5242A7BCE7900D461D4 /* SceneManager.swift in Sources */ = {isa = PBXBuildFile; fileRef = 812EB5232A7BCE7900D461D4 /* SceneManager.swift */; };
		812EB5262A7C9E6C00D461D4 /* CircleView.swift in Sources */ = {isa = PBXBuildFile; fileRef = 812EB5252A7C9E6C00D461D4 /* CircleView.swift */; };
		812EB52C2A7D1FD600D461D4 /* LeaderboardView.swift in Sources */ = {isa = PBXBuildFile; fileRef = 812EB52B2A7D1FD600D461D4 /* LeaderboardView.swift */; };
		8163C9992A7A7D7900DBBD4C /* QuestionRepository.swift in Sources */ = {isa = PBXBuildFile; fileRef = 8163C9982A7A7D7900DBBD4C /* QuestionRepository.swift */; };
		8163C9A12A7AFD6600DBBD4C /* UpperBar.swift in Sources */ = {isa = PBXBuildFile; fileRef = 8163C9A02A7AFD6600DBBD4C /* UpperBar.swift */; };
		8163C9A32A7AFF7100DBBD4C /* ScoreView.swift in Sources */ = {isa = PBXBuildFile; fileRef = 8163C9A22A7AFF7100DBBD4C /* ScoreView.swift */; };
		8163C9A52A7B3E2C00DBBD4C /* PassionOne-Bold.ttf in Resources */ = {isa = PBXBuildFile; fileRef = 8163C9A42A7B3E2C00DBBD4C /* PassionOne-Bold.ttf */; };
		8163C9A82A7B472200DBBD4C /* HomeView.swift in Sources */ = {isa = PBXBuildFile; fileRef = 8163C9A72A7B472200DBBD4C /* HomeView.swift */; };
		816E9FF12A79AD82007F94EA /* ListItem.swift in Sources */ = {isa = PBXBuildFile; fileRef = 816E9FF02A79AD82007F94EA /* ListItem.swift */; };
		816E9FF32A79AE9B007F94EA /* Option.swift in Sources */ = {isa = PBXBuildFile; fileRef = 816E9FF22A79AE9B007F94EA /* Option.swift */; };
		816E9FF52A79B4AE007F94EA /* Question.swift in Sources */ = {isa = PBXBuildFile; fileRef = 816E9FF42A79B4AE007F94EA /* Question.swift */; };
		816E9FF92A79B56F007F94EA /* QuestionView.swift in Sources */ = {isa = PBXBuildFile; fileRef = 816E9FF82A79B56F007F94EA /* QuestionView.swift */; };
		8198A3412A7934E3001F0028 /* Nano02App.swift in Sources */ = {isa = PBXBuildFile; fileRef = 8198A3402A7934E3001F0028 /* Nano02App.swift */; };
		8198A3432A7934E3001F0028 /* GameView.swift in Sources */ = {isa = PBXBuildFile; fileRef = 8198A3422A7934E3001F0028 /* GameView.swift */; };
		8198A3482A7934E5001F0028 /* Preview Assets.xcassets in Resources */ = {isa = PBXBuildFile; fileRef = 8198A3472A7934E5001F0028 /* Preview Assets.xcassets */; };
		81BB1C2C2A79C9AE006894BB /* GameSettings.swift in Sources */ = {isa = PBXBuildFile; fileRef = 81BB1C2B2A79C9AE006894BB /* GameSettings.swift */; };
/* End PBXBuildFile section */

/* Begin PBXFileReference section */
		812EB51F2A7B488F00D461D4 /* Assets.xcassets */ = {isa = PBXFileReference; lastKnownFileType = folder.assetcatalog; path = Assets.xcassets; sourceTree = "<group>"; };
		812EB5212A7BCE4200D461D4 /* SceneManagerView.swift */ = {isa = PBXFileReference; lastKnownFileType = sourcecode.swift; path = SceneManagerView.swift; sourceTree = "<group>"; };
		812EB5232A7BCE7900D461D4 /* SceneManager.swift */ = {isa = PBXFileReference; lastKnownFileType = sourcecode.swift; path = SceneManager.swift; sourceTree = "<group>"; };
		812EB5252A7C9E6C00D461D4 /* CircleView.swift */ = {isa = PBXFileReference; lastKnownFileType = sourcecode.swift; path = CircleView.swift; sourceTree = "<group>"; };
		812EB52B2A7D1FD600D461D4 /* LeaderboardView.swift */ = {isa = PBXFileReference; lastKnownFileType = sourcecode.swift; path = LeaderboardView.swift; sourceTree = "<group>"; };
		8163C9982A7A7D7900DBBD4C /* QuestionRepository.swift */ = {isa = PBXFileReference; lastKnownFileType = sourcecode.swift; path = QuestionRepository.swift; sourceTree = "<group>"; };
		8163C9A02A7AFD6600DBBD4C /* UpperBar.swift */ = {isa = PBXFileReference; lastKnownFileType = sourcecode.swift; path = UpperBar.swift; sourceTree = "<group>"; };
		8163C9A22A7AFF7100DBBD4C /* ScoreView.swift */ = {isa = PBXFileReference; lastKnownFileType = sourcecode.swift; path = ScoreView.swift; sourceTree = "<group>"; };
		8163C9A42A7B3E2C00DBBD4C /* PassionOne-Bold.ttf */ = {isa = PBXFileReference; lastKnownFileType = file; path = "PassionOne-Bold.ttf"; sourceTree = "<group>"; };
		8163C9A62A7B3F8000DBBD4C /* Info.plist */ = {isa = PBXFileReference; lastKnownFileType = text.plist; path = Info.plist; sourceTree = "<group>"; };
		8163C9A72A7B472200DBBD4C /* HomeView.swift */ = {isa = PBXFileReference; lastKnownFileType = sourcecode.swift; path = HomeView.swift; sourceTree = "<group>"; };
		816E9FF02A79AD82007F94EA /* ListItem.swift */ = {isa = PBXFileReference; lastKnownFileType = sourcecode.swift; path = ListItem.swift; sourceTree = "<group>"; };
		816E9FF22A79AE9B007F94EA /* Option.swift */ = {isa = PBXFileReference; lastKnownFileType = sourcecode.swift; path = Option.swift; sourceTree = "<group>"; };
		816E9FF42A79B4AE007F94EA /* Question.swift */ = {isa = PBXFileReference; lastKnownFileType = sourcecode.swift; path = Question.swift; sourceTree = "<group>"; };
		816E9FF82A79B56F007F94EA /* QuestionView.swift */ = {isa = PBXFileReference; lastKnownFileType = sourcecode.swift; path = QuestionView.swift; sourceTree = "<group>"; };
		8198A33D2A7934E3001F0028 /* Nano02.app */ = {isa = PBXFileReference; explicitFileType = wrapper.application; includeInIndex = 0; path = Nano02.app; sourceTree = BUILT_PRODUCTS_DIR; };
		8198A3402A7934E3001F0028 /* Nano02App.swift */ = {isa = PBXFileReference; lastKnownFileType = sourcecode.swift; path = Nano02App.swift; sourceTree = "<group>"; };
		8198A3422A7934E3001F0028 /* GameView.swift */ = {isa = PBXFileReference; lastKnownFileType = sourcecode.swift; path = GameView.swift; sourceTree = "<group>"; };
		8198A3472A7934E5001F0028 /* Preview Assets.xcassets */ = {isa = PBXFileReference; lastKnownFileType = folder.assetcatalog; path = "Preview Assets.xcassets"; sourceTree = "<group>"; };
		81BB1C2B2A79C9AE006894BB /* GameSettings.swift */ = {isa = PBXFileReference; lastKnownFileType = sourcecode.swift; path = GameSettings.swift; sourceTree = "<group>"; };
/* End PBXFileReference section */

/* Begin PBXFrameworksBuildPhase section */
		8198A33A2A7934E3001F0028 /* Frameworks */ = {
			isa = PBXFrameworksBuildPhase;
			buildActionMask = 2147483647;
			files = (
			);
			runOnlyForDeploymentPostprocessing = 0;
		};
/* End PBXFrameworksBuildPhase section */

/* Begin PBXGroup section */
		812EB52D2A8035AD00D461D4 /* Views */ = {
			isa = PBXGroup;
			children = (
				812EB5212A7BCE4200D461D4 /* SceneManagerView.swift */,
				812EB5252A7C9E6C00D461D4 /* CircleView.swift */,
				8163C9A72A7B472200DBBD4C /* HomeView.swift */,
				8198A3422A7934E3001F0028 /* GameView.swift */,
				8163C9A02A7AFD6600DBBD4C /* UpperBar.swift */,
				816E9FF82A79B56F007F94EA /* QuestionView.swift */,
				816E9FF02A79AD82007F94EA /* ListItem.swift */,
				8163C9A22A7AFF7100DBBD4C /* ScoreView.swift */,
				812EB52B2A7D1FD600D461D4 /* LeaderboardView.swift */,
			);
			path = Views;
			sourceTree = "<group>";
		};
		812EB52E2A80365000D461D4 /* Helpers */ = {
			isa = PBXGroup;
			children = (
				812EB5232A7BCE7900D461D4 /* SceneManager.swift */,
				81BB1C2B2A79C9AE006894BB /* GameSettings.swift */,
				8163C9982A7A7D7900DBBD4C /* QuestionRepository.swift */,
				816E9FF42A79B4AE007F94EA /* Question.swift */,
				816E9FF22A79AE9B007F94EA /* Option.swift */,
			);
			path = Helpers;
			sourceTree = "<group>";
		};
		812EB52F2A80369200D461D4 /* Assets */ = {
			isa = PBXGroup;
			children = (
				812EB51F2A7B488F00D461D4 /* Assets.xcassets */,
				8163C9A42A7B3E2C00DBBD4C /* PassionOne-Bold.ttf */,
			);
			path = Assets;
			sourceTree = "<group>";
		};
		8198A3342A7934E3001F0028 = {
			isa = PBXGroup;
			children = (
				8198A33F2A7934E3001F0028 /* Nano02 */,
				8198A33E2A7934E3001F0028 /* Products */,
			);
			sourceTree = "<group>";
		};
		8198A33E2A7934E3001F0028 /* Products */ = {
			isa = PBXGroup;
			children = (
				8198A33D2A7934E3001F0028 /* Nano02.app */,
			);
			name = Products;
			sourceTree = "<group>";
		};
		8198A33F2A7934E3001F0028 /* Nano02 */ = {
			isa = PBXGroup;
			children = (
				8163C9A62A7B3F8000DBBD4C /* Info.plist */,
				8198A3402A7934E3001F0028 /* Nano02App.swift */,
				812EB52D2A8035AD00D461D4 /* Views */,
				812EB52F2A80369200D461D4 /* Assets */,
				812EB52E2A80365000D461D4 /* Helpers */,
				8198A3462A7934E5001F0028 /* Preview Content */,
			);
			path = Nano02;
			sourceTree = "<group>";
		};
		8198A3462A7934E5001F0028 /* Preview Content */ = {
			isa = PBXGroup;
			children = (
				8198A3472A7934E5001F0028 /* Preview Assets.xcassets */,
			);
			path = "Preview Content";
			sourceTree = "<group>";
		};
/* End PBXGroup section */

/* Begin PBXNativeTarget section */
		8198A33C2A7934E3001F0028 /* Nano02 */ = {
			isa = PBXNativeTarget;
			buildConfigurationList = 8198A34B2A7934E5001F0028 /* Build configuration list for PBXNativeTarget "Nano02" */;
			buildPhases = (
				8198A3392A7934E3001F0028 /* Sources */,
				8198A33A2A7934E3001F0028 /* Frameworks */,
				8198A33B2A7934E3001F0028 /* Resources */,
			);
			buildRules = (
			);
			dependencies = (
			);
			name = Nano02;
			productName = Nano02;
			productReference = 8198A33D2A7934E3001F0028 /* Nano02.app */;
			productType = "com.apple.product-type.application";
		};
/* End PBXNativeTarget section */

/* Begin PBXProject section */
		8198A3352A7934E3001F0028 /* Project object */ = {
			isa = PBXProject;
			attributes = {
				BuildIndependentTargetsInParallel = 1;
				LastSwiftUpdateCheck = 1430;
				LastUpgradeCheck = 1430;
				TargetAttributes = {
					8198A33C2A7934E3001F0028 = {
						CreatedOnToolsVersion = 14.3.1;
					};
				};
			};
			buildConfigurationList = 8198A3382A7934E3001F0028 /* Build configuration list for PBXProject "Nano02" */;
			compatibilityVersion = "Xcode 14.0";
			developmentRegion = en;
			hasScannedForEncodings = 0;
			knownRegions = (
				en,
				Base,
			);
			mainGroup = 8198A3342A7934E3001F0028;
			productRefGroup = 8198A33E2A7934E3001F0028 /* Products */;
			projectDirPath = "";
			projectRoot = "";
			targets = (
				8198A33C2A7934E3001F0028 /* Nano02 */,
			);
		};
/* End PBXProject section */

/* Begin PBXResourcesBuildPhase section */
		8198A33B2A7934E3001F0028 /* Resources */ = {
			isa = PBXResourcesBuildPhase;
			buildActionMask = 2147483647;
			files = (
				8198A3482A7934E5001F0028 /* Preview Assets.xcassets in Resources */,
				812EB5202A7B488F00D461D4 /* Assets.xcassets in Resources */,
				8163C9A52A7B3E2C00DBBD4C /* PassionOne-Bold.ttf in Resources */,
			);
			runOnlyForDeploymentPostprocessing = 0;
		};
/* End PBXResourcesBuildPhase section */

/* Begin PBXSourcesBuildPhase section */
		8198A3392A7934E3001F0028 /* Sources */ = {
			isa = PBXSourcesBuildPhase;
			buildActionMask = 2147483647;
			files = (
				816E9FF52A79B4AE007F94EA /* Question.swift in Sources */,
				816E9FF32A79AE9B007F94EA /* Option.swift in Sources */,
				812EB52C2A7D1FD600D461D4 /* LeaderboardView.swift in Sources */,
				816E9FF12A79AD82007F94EA /* ListItem.swift in Sources */,
				8163C9992A7A7D7900DBBD4C /* QuestionRepository.swift in Sources */,
				8198A3432A7934E3001F0028 /* GameView.swift in Sources */,
				816E9FF92A79B56F007F94EA /* QuestionView.swift in Sources */,
				812EB5262A7C9E6C00D461D4 /* CircleView.swift in Sources */,
				8198A3412A7934E3001F0028 /* Nano02App.swift in Sources */,
				8163C9A32A7AFF7100DBBD4C /* ScoreView.swift in Sources */,
				81BB1C2C2A79C9AE006894BB /* GameSettings.swift in Sources */,
				8163C9A82A7B472200DBBD4C /* HomeView.swift in Sources */,
				812EB5242A7BCE7900D461D4 /* SceneManager.swift in Sources */,
				8163C9A12A7AFD6600DBBD4C /* UpperBar.swift in Sources */,
				812EB5222A7BCE4200D461D4 /* SceneManagerView.swift in Sources */,
			);
			runOnlyForDeploymentPostprocessing = 0;
		};
/* End PBXSourcesBuildPhase section */

/* Begin XCBuildConfiguration section */
		8198A3492A7934E5001F0028 /* Debug */ = {
			isa = XCBuildConfiguration;
			buildSettings = {
				ALWAYS_SEARCH_USER_PATHS = NO;
				CLANG_ANALYZER_NONNULL = YES;
				CLANG_ANALYZER_NUMBER_OBJECT_CONVERSION = YES_AGGRESSIVE;
				CLANG_CXX_LANGUAGE_STANDARD = "gnu++20";
				CLANG_ENABLE_MODULES = YES;
				CLANG_ENABLE_OBJC_ARC = YES;
				CLANG_ENABLE_OBJC_WEAK = YES;
				CLANG_WARN_BLOCK_CAPTURE_AUTORELEASING = YES;
				CLANG_WARN_BOOL_CONVERSION = YES;
				CLANG_WARN_COMMA = YES;
				CLANG_WARN_CONSTANT_CONVERSION = YES;
				CLANG_WARN_DEPRECATED_OBJC_IMPLEMENTATIONS = YES;
				CLANG_WARN_DIRECT_OBJC_ISA_USAGE = YES_ERROR;
				CLANG_WARN_DOCUMENTATION_COMMENTS = YES;
				CLANG_WARN_EMPTY_BODY = YES;
				CLANG_WARN_ENUM_CONVERSION = YES;
				CLANG_WARN_INFINITE_RECURSION = YES;
				CLANG_WARN_INT_CONVERSION = YES;
				CLANG_WARN_NON_LITERAL_NULL_CONVERSION = YES;
				CLANG_WARN_OBJC_IMPLICIT_RETAIN_SELF = YES;
				CLANG_WARN_OBJC_LITERAL_CONVERSION = YES;
				CLANG_WARN_OBJC_ROOT_CLASS = YES_ERROR;
				CLANG_WARN_QUOTED_INCLUDE_IN_FRAMEWORK_HEADER = YES;
				CLANG_WARN_RANGE_LOOP_ANALYSIS = YES;
				CLANG_WARN_STRICT_PROTOTYPES = YES;
				CLANG_WARN_SUSPICIOUS_MOVE = YES;
				CLANG_WARN_UNGUARDED_AVAILABILITY = YES_AGGRESSIVE;
				CLANG_WARN_UNREACHABLE_CODE = YES;
				CLANG_WARN__DUPLICATE_METHOD_MATCH = YES;
				COPY_PHASE_STRIP = NO;
				DEBUG_INFORMATION_FORMAT = dwarf;
				ENABLE_STRICT_OBJC_MSGSEND = YES;
				ENABLE_TESTABILITY = YES;
				GCC_C_LANGUAGE_STANDARD = gnu11;
				GCC_DYNAMIC_NO_PIC = NO;
				GCC_NO_COMMON_BLOCKS = YES;
				GCC_OPTIMIZATION_LEVEL = 0;
				GCC_PREPROCESSOR_DEFINITIONS = (
					"DEBUG=1",
					"$(inherited)",
				);
				GCC_WARN_64_TO_32_BIT_CONVERSION = YES;
				GCC_WARN_ABOUT_RETURN_TYPE = YES_ERROR;
				GCC_WARN_UNDECLARED_SELECTOR = YES;
				GCC_WARN_UNINITIALIZED_AUTOS = YES_AGGRESSIVE;
				GCC_WARN_UNUSED_FUNCTION = YES;
				GCC_WARN_UNUSED_VARIABLE = YES;
				IPHONEOS_DEPLOYMENT_TARGET = 16.4;
				MTL_ENABLE_DEBUG_INFO = INCLUDE_SOURCE;
				MTL_FAST_MATH = YES;
				ONLY_ACTIVE_ARCH = YES;
				SDKROOT = iphoneos;
				SWIFT_ACTIVE_COMPILATION_CONDITIONS = DEBUG;
				SWIFT_OPTIMIZATION_LEVEL = "-Onone";
			};
			name = Debug;
		};
		8198A34A2A7934E5001F0028 /* Release */ = {
			isa = XCBuildConfiguration;
			buildSettings = {
				ALWAYS_SEARCH_USER_PATHS = NO;
				CLANG_ANALYZER_NONNULL = YES;
				CLANG_ANALYZER_NUMBER_OBJECT_CONVERSION = YES_AGGRESSIVE;
				CLANG_CXX_LANGUAGE_STANDARD = "gnu++20";
				CLANG_ENABLE_MODULES = YES;
				CLANG_ENABLE_OBJC_ARC = YES;
				CLANG_ENABLE_OBJC_WEAK = YES;
				CLANG_WARN_BLOCK_CAPTURE_AUTORELEASING = YES;
				CLANG_WARN_BOOL_CONVERSION = YES;
				CLANG_WARN_COMMA = YES;
				CLANG_WARN_CONSTANT_CONVERSION = YES;
				CLANG_WARN_DEPRECATED_OBJC_IMPLEMENTATIONS = YES;
				CLANG_WARN_DIRECT_OBJC_ISA_USAGE = YES_ERROR;
				CLANG_WARN_DOCUMENTATION_COMMENTS = YES;
				CLANG_WARN_EMPTY_BODY = YES;
				CLANG_WARN_ENUM_CONVERSION = YES;
				CLANG_WARN_INFINITE_RECURSION = YES;
				CLANG_WARN_INT_CONVERSION = YES;
				CLANG_WARN_NON_LITERAL_NULL_CONVERSION = YES;
				CLANG_WARN_OBJC_IMPLICIT_RETAIN_SELF = YES;
				CLANG_WARN_OBJC_LITERAL_CONVERSION = YES;
				CLANG_WARN_OBJC_ROOT_CLASS = YES_ERROR;
				CLANG_WARN_QUOTED_INCLUDE_IN_FRAMEWORK_HEADER = YES;
				CLANG_WARN_RANGE_LOOP_ANALYSIS = YES;
				CLANG_WARN_STRICT_PROTOTYPES = YES;
				CLANG_WARN_SUSPICIOUS_MOVE = YES;
				CLANG_WARN_UNGUARDED_AVAILABILITY = YES_AGGRESSIVE;
				CLANG_WARN_UNREACHABLE_CODE = YES;
				CLANG_WARN__DUPLICATE_METHOD_MATCH = YES;
				COPY_PHASE_STRIP = NO;
				DEBUG_INFORMATION_FORMAT = "dwarf-with-dsym";
				ENABLE_NS_ASSERTIONS = NO;
				ENABLE_STRICT_OBJC_MSGSEND = YES;
				GCC_C_LANGUAGE_STANDARD = gnu11;
				GCC_NO_COMMON_BLOCKS = YES;
				GCC_WARN_64_TO_32_BIT_CONVERSION = YES;
				GCC_WARN_ABOUT_RETURN_TYPE = YES_ERROR;
				GCC_WARN_UNDECLARED_SELECTOR = YES;
				GCC_WARN_UNINITIALIZED_AUTOS = YES_AGGRESSIVE;
				GCC_WARN_UNUSED_FUNCTION = YES;
				GCC_WARN_UNUSED_VARIABLE = YES;
				IPHONEOS_DEPLOYMENT_TARGET = 16.4;
				MTL_ENABLE_DEBUG_INFO = NO;
				MTL_FAST_MATH = YES;
				SDKROOT = iphoneos;
				SWIFT_COMPILATION_MODE = wholemodule;
				SWIFT_OPTIMIZATION_LEVEL = "-O";
				VALIDATE_PRODUCT = YES;
			};
			name = Release;
		};
		8198A34C2A7934E5001F0028 /* Debug */ = {
			isa = XCBuildConfiguration;
			buildSettings = {
				ASSETCATALOG_COMPILER_APPICON_NAME = AppIcon;
				ASSETCATALOG_COMPILER_GLOBAL_ACCENT_COLOR_NAME = AccentColor;
				CODE_SIGN_STYLE = Automatic;
				CURRENT_PROJECT_VERSION = 1;
				DEVELOPMENT_ASSET_PATHS = "\"Nano02/Preview Content\"";
				DEVELOPMENT_TEAM = Q379URF792;
				ENABLE_PREVIEWS = YES;
				GENERATE_INFOPLIST_FILE = YES;
				INFOPLIST_FILE = Nano02/Info.plist;
				INFOPLIST_KEY_UIApplicationSceneManifest_Generation = YES;
				INFOPLIST_KEY_UIApplicationSupportsIndirectInputEvents = YES;
				INFOPLIST_KEY_UILaunchScreen_Generation = YES;
				INFOPLIST_KEY_UISupportedInterfaceOrientations_iPad = "UIInterfaceOrientationPortrait UIInterfaceOrientationPortraitUpsideDown UIInterfaceOrientationLandscapeLeft UIInterfaceOrientationLandscapeRight";
				INFOPLIST_KEY_UISupportedInterfaceOrientations_iPhone = UIInterfaceOrientationPortrait;
				LD_RUNPATH_SEARCH_PATHS = (
					"$(inherited)",
					"@executable_path/Frameworks",
				);
				MARKETING_VERSION = 1.0;
				PRODUCT_BUNDLE_IDENTIFIER = com.example.GymQuiz;
				PRODUCT_NAME = "$(TARGET_NAME)";
				SUPPORTED_PLATFORMS = "iphoneos iphonesimulator";
				SUPPORTS_MACCATALYST = NO;
				SUPPORTS_MAC_DESIGNED_FOR_IPHONE_IPAD = YES;
				SWIFT_EMIT_LOC_STRINGS = YES;
				SWIFT_VERSION = 5.0;
				TARGETED_DEVICE_FAMILY = 1;
			};
			name = Debug;
		};
		8198A34D2A7934E5001F0028 /* Release */ = {
			isa = XCBuildConfiguration;
			buildSettings = {
				ASSETCATALOG_COMPILER_APPICON_NAME = AppIcon;
				ASSETCATALOG_COMPILER_GLOBAL_ACCENT_COLOR_NAME = AccentColor;
				CODE_SIGN_STYLE = Automatic;
				CURRENT_PROJECT_VERSION = 1;
				DEVELOPMENT_ASSET_PATHS = "\"Nano02/Preview Content\"";
				DEVELOPMENT_TEAM = Q379URF792;
				ENABLE_PREVIEWS = YES;
				GENERATE_INFOPLIST_FILE = YES;
				INFOPLIST_FILE = Nano02/Info.plist;
				INFOPLIST_KEY_UIApplicationSceneManifest_Generation = YES;
				INFOPLIST_KEY_UIApplicationSupportsIndirectInputEvents = YES;
				INFOPLIST_KEY_UILaunchScreen_Generation = YES;
				INFOPLIST_KEY_UISupportedInterfaceOrientations_iPad = "UIInterfaceOrientationPortrait UIInterfaceOrientationPortraitUpsideDown UIInterfaceOrientationLandscapeLeft UIInterfaceOrientationLandscapeRight";
				INFOPLIST_KEY_UISupportedInterfaceOrientations_iPhone = UIInterfaceOrientationPortrait;
				LD_RUNPATH_SEARCH_PATHS = (
					"$(inherited)",
					"@executable_path/Frameworks",
				);
				MARKETING_VERSION = 1.0;
				PRODUCT_BUNDLE_IDENTIFIER = com.example.GymQuiz;
				PRODUCT_NAME = "$(TARGET_NAME)";
				SUPPORTED_PLATFORMS = "iphoneos iphonesimulator";
				SUPPORTS_MACCATALYST = NO;
				SUPPORTS_MAC_DESIGNED_FOR_IPHONE_IPAD = YES;
				SWIFT_EMIT_LOC_STRINGS = YES;
				SWIFT_VERSION = 5.0;
				TARGETED_DEVICE_FAMILY = 1;
			};
			name = Release;
		};
/* End XCBuildConfiguration section */

/* Begin XCConfigurationList section */
		8198A3382A7934E3001F0028 /* Build configuration list for PBXProject "Nano02" */ = {
			isa = XCConfigurationList;
			buildConfigurations = (
				8198A3492A7934E5001F0028 /* Debug */,
				8198A34A2A7934E5001F0028 /* Release */,
			);
			defaultConfigurationIsVisible = 0;
			defaultConfigurationName = Release;
		};
		8198A34B2A7934E5001F0028 /* Build configuration list for PBXNativeTarget "Nano02" */ = {
			isa = XCConfigurationList;
			buildConfigurations = (
				8198A34C2A7934E5001F0028 /* Debug */,
				8198A34D2A7934E5001F0028 /* Release */,
			);
			defaultConfigurationIsVisible = 0;
			defaultConfigurationName = Release;
		};
/* End XCConfigurationList section */
	};
	rootObject = 8198A3352A7934E3001F0028 /* Project object */;
}
